
Microsoft Visual Studio Solution File, Format Version 12.00
# Visual Studio 15
VisualStudioVersion = 15.0.28307.572
MinimumVisualStudioVersion = 10.0.40219.1
Project("{FAE04EC0-301F-11D3-BF4B-00C04F79EFBC}") = "TestDbConnector", "TestDbConnector\TestDbConnector.csproj", "{4120B41A-0B33-4187-9B58-C01950E05F7F}"
EndProject
Global
	GlobalSection(SolutionConfigurationPlatforms) = preSolution
		Debug|Any CPU = Debug|Any CPU
		Release|Any CPU = Release|Any CPU
	EndGlobalSection
	GlobalSection(ProjectConfigurationPlatforms) = postSolution
		{4120B41A-0B33-4187-9B58-C01950E05F7F}.Debug|Any CPU.ActiveCfg = Debug|Any CPU
		{4120B41A-0B33-4187-9B58-C01950E05F7F}.Debug|Any CPU.Build.0 = Debug|Any CPU
		{4120B41A-0B33-4187-9B58-C01950E05F7F}.Release|Any CPU.ActiveCfg = Release|Any CPU
		{4120B41A-0B33-4187-9B58-C01950E05F7F}.Release|Any CPU.Build.0 = Release|Any CPU
	EndGlobalSection
	GlobalSection(SolutionProperties) = preSolution
		HideSolutionNode = FALSE
	EndGlobalSection
	GlobalSection(ExtensibilityGlobals) = postSolution
		SolutionGuid = {5927C7A4-5EC0-4FED-A6C6-264A6F2907A2}
	EndGlobalSection
EndGlobal
